// !$*UTF8*$!
{
	archiveVersion = 1;
	classes = {
	};
	objectVersion = 60;
	objects = {

/* Begin PBXBuildFile section */
		5A5CF6DD2BD4F93D00BD9A1E /* Localizable.xcstrings in Resources */ = {isa = PBXBuildFile; fileRef = 5A5CF6D82BD4F93D00BD9A1E /* Localizable.xcstrings */; };
		5A5CF6DE2BD4F93D00BD9A1E /* Shake.swift in Sources */ = {isa = PBXBuildFile; fileRef = 5A5CF6D92BD4F93D00BD9A1E /* Shake.swift */; };
		5A5CF6DF2BD4F93D00BD9A1E /* PasscodeLockType.swift in Sources */ = {isa = PBXBuildFile; fileRef = 5A5CF6DA2BD4F93D00BD9A1E /* PasscodeLockType.swift */; };
		5A5CF6E02BD4F93D00BD9A1E /* PasscodeView.swift in Sources */ = {isa = PBXBuildFile; fileRef = 5A5CF6DB2BD4F93D00BD9A1E /* PasscodeView.swift */; };
		5A5CF6E12BD4F93D00BD9A1E /* SetPasscodeView.swift in Sources */ = {isa = PBXBuildFile; fileRef = 5A5CF6DC2BD4F93D00BD9A1E /* SetPasscodeView.swift */; };
		5A5CF6E32BD4FD6E00BD9A1E /* resource_bundle_accessor.swift in Sources */ = {isa = PBXBuildFile; fileRef = 5A5CF6E22BD4FD6E00BD9A1E /* resource_bundle_accessor.swift */; };
		5AA09E192BD3F35F006BC8E5 /* PasscodeUIApp.swift in Sources */ = {isa = PBXBuildFile; fileRef = 5AA09E182BD3F35F006BC8E5 /* PasscodeUIApp.swift */; };
		5AA09E1B2BD3F35F006BC8E5 /* ContentView.swift in Sources */ = {isa = PBXBuildFile; fileRef = 5AA09E1A2BD3F35F006BC8E5 /* ContentView.swift */; };
		5AA09E1D2BD3F361006BC8E5 /* Assets.xcassets in Resources */ = {isa = PBXBuildFile; fileRef = 5AA09E1C2BD3F361006BC8E5 /* Assets.xcassets */; };
		5AA09E202BD3F361006BC8E5 /* Preview Assets.xcassets in Resources */ = {isa = PBXBuildFile; fileRef = 5AA09E1F2BD3F361006BC8E5 /* Preview Assets.xcassets */; };
		5AA09E2A2BD3F361006BC8E5 /* PasscodeUITests.swift in Sources */ = {isa = PBXBuildFile; fileRef = 5AA09E292BD3F361006BC8E5 /* PasscodeUITests.swift */; };
		5AA09E522BD3F439006BC8E5 /* PasscodeUI.framework in Frameworks */ = {isa = PBXBuildFile; fileRef = 5AA09E4A2BD3F439006BC8E5 /* PasscodeUI.framework */; };
		5AA09E532BD3F439006BC8E5 /* PasscodeUI.framework in Embed Frameworks */ = {isa = PBXBuildFile; fileRef = 5AA09E4A2BD3F439006BC8E5 /* PasscodeUI.framework */; settings = {ATTRIBUTES = (CodeSignOnCopy, RemoveHeadersOnCopy, ); }; };
/* End PBXBuildFile section */

/* Begin PBXContainerItemProxy section */
		5AA09E262BD3F361006BC8E5 /* PBXContainerItemProxy */ = {
			isa = PBXContainerItemProxy;
			containerPortal = 5AA09E0D2BD3F35F006BC8E5 /* Project object */;
			proxyType = 1;
			remoteGlobalIDString = 5AA09E142BD3F35F006BC8E5;
			remoteInfo = PasscodeUI;
		};
		5AA09E502BD3F439006BC8E5 /* PBXContainerItemProxy */ = {
			isa = PBXContainerItemProxy;
			containerPortal = 5AA09E0D2BD3F35F006BC8E5 /* Project object */;
			proxyType = 1;
			remoteGlobalIDString = 5AA09E492BD3F439006BC8E5;
			remoteInfo = PasscodeUI;
		};
/* End PBXContainerItemProxy section */

/* Begin PBXCopyFilesBuildPhase section */
		5AA09E572BD3F439006BC8E5 /* Embed Frameworks */ = {
			isa = PBXCopyFilesBuildPhase;
			buildActionMask = 2147483647;
			dstPath = "";
			dstSubfolderSpec = 10;
			files = (
				5AA09E532BD3F439006BC8E5 /* PasscodeUI.framework in Embed Frameworks */,
			);
			name = "Embed Frameworks";
			runOnlyForDeploymentPostprocessing = 0;
		};
/* End PBXCopyFilesBuildPhase section */

/* Begin PBXFileReference section */
		5A5CF6C62BD4F06E00BD9A1E /* Info.plist */ = {isa = PBXFileReference; lastKnownFileType = text.plist; path = Info.plist; sourceTree = "<group>"; };
		5A5CF6D82BD4F93D00BD9A1E /* Localizable.xcstrings */ = {isa = PBXFileReference; fileEncoding = 4; lastKnownFileType = text.json.xcstrings; path = Localizable.xcstrings; sourceTree = "<group>"; };
		5A5CF6D92BD4F93D00BD9A1E /* Shake.swift */ = {isa = PBXFileReference; fileEncoding = 4; lastKnownFileType = sourcecode.swift; path = Shake.swift; sourceTree = "<group>"; };
		5A5CF6DA2BD4F93D00BD9A1E /* PasscodeLockType.swift */ = {isa = PBXFileReference; fileEncoding = 4; lastKnownFileType = sourcecode.swift; path = PasscodeLockType.swift; sourceTree = "<group>"; };
		5A5CF6DB2BD4F93D00BD9A1E /* PasscodeView.swift */ = {isa = PBXFileReference; fileEncoding = 4; lastKnownFileType = sourcecode.swift; path = PasscodeView.swift; sourceTree = "<group>"; };
		5A5CF6DC2BD4F93D00BD9A1E /* SetPasscodeView.swift */ = {isa = PBXFileReference; fileEncoding = 4; lastKnownFileType = sourcecode.swift; path = SetPasscodeView.swift; sourceTree = "<group>"; };
		5A5CF6E22BD4FD6E00BD9A1E /* resource_bundle_accessor.swift */ = {isa = PBXFileReference; lastKnownFileType = sourcecode.swift; path = resource_bundle_accessor.swift; sourceTree = "<group>"; };
		5AA09E152BD3F35F006BC8E5 /* PasscodeUIDemo.app */ = {isa = PBXFileReference; explicitFileType = wrapper.application; includeInIndex = 0; path = PasscodeUIDemo.app; sourceTree = BUILT_PRODUCTS_DIR; };
		5AA09E182BD3F35F006BC8E5 /* PasscodeUIApp.swift */ = {isa = PBXFileReference; lastKnownFileType = sourcecode.swift; path = PasscodeUIApp.swift; sourceTree = "<group>"; };
		5AA09E1A2BD3F35F006BC8E5 /* ContentView.swift */ = {isa = PBXFileReference; lastKnownFileType = sourcecode.swift; path = ContentView.swift; sourceTree = "<group>"; };
		5AA09E1C2BD3F361006BC8E5 /* Assets.xcassets */ = {isa = PBXFileReference; lastKnownFileType = folder.assetcatalog; path = Assets.xcassets; sourceTree = "<group>"; };
		5AA09E1F2BD3F361006BC8E5 /* Preview Assets.xcassets */ = {isa = PBXFileReference; lastKnownFileType = folder.assetcatalog; path = "Preview Assets.xcassets"; sourceTree = "<group>"; };
		5AA09E252BD3F361006BC8E5 /* PasscodeUITests.xctest */ = {isa = PBXFileReference; explicitFileType = wrapper.cfbundle; includeInIndex = 0; path = PasscodeUITests.xctest; sourceTree = BUILT_PRODUCTS_DIR; };
		5AA09E292BD3F361006BC8E5 /* PasscodeUITests.swift */ = {isa = PBXFileReference; lastKnownFileType = sourcecode.swift; path = PasscodeUITests.swift; sourceTree = "<group>"; };
		5AA09E432BD3F3A7006BC8E5 /* Package.swift */ = {isa = PBXFileReference; lastKnownFileType = sourcecode.swift; path = Package.swift; sourceTree = "<group>"; };
		5AA09E4A2BD3F439006BC8E5 /* PasscodeUI.framework */ = {isa = PBXFileReference; explicitFileType = wrapper.framework; includeInIndex = 0; path = PasscodeUI.framework; sourceTree = BUILT_PRODUCTS_DIR; };
/* End PBXFileReference section */

/* Begin PBXFrameworksBuildPhase section */
		5AA09E122BD3F35F006BC8E5 /* Frameworks */ = {
			isa = PBXFrameworksBuildPhase;
			buildActionMask = 2147483647;
			files = (
				5AA09E522BD3F439006BC8E5 /* PasscodeUI.framework in Frameworks */,
			);
			runOnlyForDeploymentPostprocessing = 0;
		};
		5AA09E222BD3F361006BC8E5 /* Frameworks */ = {
			isa = PBXFrameworksBuildPhase;
			buildActionMask = 2147483647;
			files = (
			);
			runOnlyForDeploymentPostprocessing = 0;
		};
		5AA09E472BD3F439006BC8E5 /* Frameworks */ = {
			isa = PBXFrameworksBuildPhase;
			buildActionMask = 2147483647;
			files = (
			);
			runOnlyForDeploymentPostprocessing = 0;
		};
/* End PBXFrameworksBuildPhase section */

/* Begin PBXGroup section */
		5A5CF6D72BD4F93D00BD9A1E /* Sources */ = {
			isa = PBXGroup;
			children = (
				5A5CF6D82BD4F93D00BD9A1E /* Localizable.xcstrings */,
				5A5CF6D92BD4F93D00BD9A1E /* Shake.swift */,
				5A5CF6DA2BD4F93D00BD9A1E /* PasscodeLockType.swift */,
				5A5CF6DB2BD4F93D00BD9A1E /* PasscodeView.swift */,
				5A5CF6DC2BD4F93D00BD9A1E /* SetPasscodeView.swift */,
				5A5CF6E22BD4FD6E00BD9A1E /* resource_bundle_accessor.swift */,
			);
			path = Sources;
			sourceTree = "<group>";
		};
		5AA09E0C2BD3F35F006BC8E5 = {
			isa = PBXGroup;
			children = (
				5AA09E432BD3F3A7006BC8E5 /* Package.swift */,
				5AA09E172BD3F35F006BC8E5 /* PasscodeUIDemo */,
				5AA09E282BD3F361006BC8E5 /* PasscodeUITests */,
				5AA09E4B2BD3F439006BC8E5 /* PasscodeUI */,
				5AA09E162BD3F35F006BC8E5 /* Products */,
			);
			sourceTree = "<group>";
		};
		5AA09E162BD3F35F006BC8E5 /* Products */ = {
			isa = PBXGroup;
			children = (
				5AA09E152BD3F35F006BC8E5 /* PasscodeUIDemo.app */,
				5AA09E252BD3F361006BC8E5 /* PasscodeUITests.xctest */,
				5AA09E4A2BD3F439006BC8E5 /* PasscodeUI.framework */,
			);
			name = Products;
			sourceTree = "<group>";
		};
		5AA09E172BD3F35F006BC8E5 /* PasscodeUIDemo */ = {
			isa = PBXGroup;
			children = (
				5A5CF6C62BD4F06E00BD9A1E /* Info.plist */,
				5AA09E182BD3F35F006BC8E5 /* PasscodeUIApp.swift */,
				5AA09E1A2BD3F35F006BC8E5 /* ContentView.swift */,
				5AA09E1C2BD3F361006BC8E5 /* Assets.xcassets */,
				5AA09E1E2BD3F361006BC8E5 /* Preview Content */,
			);
			path = PasscodeUIDemo;
			sourceTree = "<group>";
		};
		5AA09E1E2BD3F361006BC8E5 /* Preview Content */ = {
			isa = PBXGroup;
			children = (
				5AA09E1F2BD3F361006BC8E5 /* Preview Assets.xcassets */,
			);
			path = "Preview Content";
			sourceTree = "<group>";
		};
		5AA09E282BD3F361006BC8E5 /* PasscodeUITests */ = {
			isa = PBXGroup;
			children = (
				5AA09E292BD3F361006BC8E5 /* PasscodeUITests.swift */,
			);
			path = PasscodeUITests;
			sourceTree = "<group>";
		};
		5AA09E4B2BD3F439006BC8E5 /* PasscodeUI */ = {
			isa = PBXGroup;
			children = (
				5A5CF6D72BD4F93D00BD9A1E /* Sources */,
			);
			path = PasscodeUI;
			sourceTree = "<group>";
		};
/* End PBXGroup section */

/* Begin PBXHeadersBuildPhase section */
		5AA09E452BD3F439006BC8E5 /* Headers */ = {
			isa = PBXHeadersBuildPhase;
			buildActionMask = 2147483647;
			files = (
			);
			runOnlyForDeploymentPostprocessing = 0;
		};
/* End PBXHeadersBuildPhase section */

/* Begin PBXNativeTarget section */
		5AA09E142BD3F35F006BC8E5 /* PasscodeUIDemo */ = {
			isa = PBXNativeTarget;
			buildConfigurationList = 5AA09E392BD3F361006BC8E5 /* Build configuration list for PBXNativeTarget "PasscodeUIDemo" */;
			buildPhases = (
				5AA09E112BD3F35F006BC8E5 /* Sources */,
				5AA09E122BD3F35F006BC8E5 /* Frameworks */,
				5AA09E132BD3F35F006BC8E5 /* Resources */,
				5AA09E572BD3F439006BC8E5 /* Embed Frameworks */,
			);
			buildRules = (
			);
			dependencies = (
				5AA09E512BD3F439006BC8E5 /* PBXTargetDependency */,
			);
			name = PasscodeUIDemo;
			productName = PasscodeUI;
			productReference = 5AA09E152BD3F35F006BC8E5 /* PasscodeUIDemo.app */;
			productType = "com.apple.product-type.application";
		};
		5AA09E242BD3F361006BC8E5 /* PasscodeUITests */ = {
			isa = PBXNativeTarget;
			buildConfigurationList = 5AA09E3C2BD3F361006BC8E5 /* Build configuration list for PBXNativeTarget "PasscodeUITests" */;
			buildPhases = (
				5AA09E212BD3F361006BC8E5 /* Sources */,
				5AA09E222BD3F361006BC8E5 /* Frameworks */,
				5AA09E232BD3F361006BC8E5 /* Resources */,
			);
			buildRules = (
			);
			dependencies = (
				5AA09E272BD3F361006BC8E5 /* PBXTargetDependency */,
			);
			name = PasscodeUITests;
			productName = PasscodeUITests;
			productReference = 5AA09E252BD3F361006BC8E5 /* PasscodeUITests.xctest */;
			productType = "com.apple.product-type.bundle.unit-test";
		};
		5AA09E492BD3F439006BC8E5 /* PasscodeUI */ = {
			isa = PBXNativeTarget;
			buildConfigurationList = 5AA09E542BD3F439006BC8E5 /* Build configuration list for PBXNativeTarget "PasscodeUI" */;
			buildPhases = (
				5AA09E452BD3F439006BC8E5 /* Headers */,
				5AA09E462BD3F439006BC8E5 /* Sources */,
				5AA09E472BD3F439006BC8E5 /* Frameworks */,
				5AA09E482BD3F439006BC8E5 /* Resources */,
			);
			buildRules = (
			);
			dependencies = (
			);
			name = PasscodeUI;
			productName = PasscodeUI;
			productReference = 5AA09E4A2BD3F439006BC8E5 /* PasscodeUI.framework */;
			productType = "com.apple.product-type.framework";
		};
/* End PBXNativeTarget section */

/* Begin PBXProject section */
		5AA09E0D2BD3F35F006BC8E5 /* Project object */ = {
			isa = PBXProject;
			attributes = {
				BuildIndependentTargetsInParallel = 1;
				LastSwiftUpdateCheck = 1520;
				LastUpgradeCheck = 1520;
				TargetAttributes = {
					5AA09E142BD3F35F006BC8E5 = {
						CreatedOnToolsVersion = 15.2;
					};
					5AA09E242BD3F361006BC8E5 = {
						CreatedOnToolsVersion = 15.2;
						TestTargetID = 5AA09E142BD3F35F006BC8E5;
					};
					5AA09E492BD3F439006BC8E5 = {
						CreatedOnToolsVersion = 15.2;
						LastSwiftMigration = 1520;
					};
				};
			};
			buildConfigurationList = 5AA09E102BD3F35F006BC8E5 /* Build configuration list for PBXProject "PasscodeUI" */;
			compatibilityVersion = "Xcode 15.0";
			developmentRegion = en;
			hasScannedForEncodings = 0;
			knownRegions = (
				en,
				Base,
			);
			mainGroup = 5AA09E0C2BD3F35F006BC8E5;
			productRefGroup = 5AA09E162BD3F35F006BC8E5 /* Products */;
			projectDirPath = "";
			projectRoot = "";
			targets = (
				5AA09E142BD3F35F006BC8E5 /* PasscodeUIDemo */,
				5AA09E242BD3F361006BC8E5 /* PasscodeUITests */,
				5AA09E492BD3F439006BC8E5 /* PasscodeUI */,
			);
		};
/* End PBXProject section */

/* Begin PBXResourcesBuildPhase section */
		5AA09E132BD3F35F006BC8E5 /* Resources */ = {
			isa = PBXResourcesBuildPhase;
			buildActionMask = 2147483647;
			files = (
				5AA09E202BD3F361006BC8E5 /* Preview Assets.xcassets in Resources */,
				5AA09E1D2BD3F361006BC8E5 /* Assets.xcassets in Resources */,
			);
			runOnlyForDeploymentPostprocessing = 0;
		};
		5AA09E232BD3F361006BC8E5 /* Resources */ = {
			isa = PBXResourcesBuildPhase;
			buildActionMask = 2147483647;
			files = (
			);
			runOnlyForDeploymentPostprocessing = 0;
		};
		5AA09E482BD3F439006BC8E5 /* Resources */ = {
			isa = PBXResourcesBuildPhase;
			buildActionMask = 2147483647;
			files = (
				5A5CF6DD2BD4F93D00BD9A1E /* Localizable.xcstrings in Resources */,
			);
			runOnlyForDeploymentPostprocessing = 0;
		};
/* End PBXResourcesBuildPhase section */

/* Begin PBXSourcesBuildPhase section */
		5AA09E112BD3F35F006BC8E5 /* Sources */ = {
			isa = PBXSourcesBuildPhase;
			buildActionMask = 2147483647;
			files = (
				5AA09E1B2BD3F35F006BC8E5 /* ContentView.swift in Sources */,
				5AA09E192BD3F35F006BC8E5 /* PasscodeUIApp.swift in Sources */,
			);
			runOnlyForDeploymentPostprocessing = 0;
		};
		5AA09E212BD3F361006BC8E5 /* Sources */ = {
			isa = PBXSourcesBuildPhase;
			buildActionMask = 2147483647;
			files = (
				5AA09E2A2BD3F361006BC8E5 /* PasscodeUITests.swift in Sources */,
			);
			runOnlyForDeploymentPostprocessing = 0;
		};
		5AA09E462BD3F439006BC8E5 /* Sources */ = {
			isa = PBXSourcesBuildPhase;
			buildActionMask = 2147483647;
			files = (
				5A5CF6E02BD4F93D00BD9A1E /* PasscodeView.swift in Sources */,
				5A5CF6E32BD4FD6E00BD9A1E /* resource_bundle_accessor.swift in Sources */,
				5A5CF6E12BD4F93D00BD9A1E /* SetPasscodeView.swift in Sources */,
				5A5CF6DF2BD4F93D00BD9A1E /* PasscodeLockType.swift in Sources */,
				5A5CF6DE2BD4F93D00BD9A1E /* Shake.swift in Sources */,
			);
			runOnlyForDeploymentPostprocessing = 0;
		};
/* End PBXSourcesBuildPhase section */

/* Begin PBXTargetDependency section */
		5AA09E272BD3F361006BC8E5 /* PBXTargetDependency */ = {
			isa = PBXTargetDependency;
			target = 5AA09E142BD3F35F006BC8E5 /* PasscodeUIDemo */;
			targetProxy = 5AA09E262BD3F361006BC8E5 /* PBXContainerItemProxy */;
		};
		5AA09E512BD3F439006BC8E5 /* PBXTargetDependency */ = {
			isa = PBXTargetDependency;
			target = 5AA09E492BD3F439006BC8E5 /* PasscodeUI */;
			targetProxy = 5AA09E502BD3F439006BC8E5 /* PBXContainerItemProxy */;
		};
/* End PBXTargetDependency section */

/* Begin XCBuildConfiguration section */
		5AA09E372BD3F361006BC8E5 /* Debug */ = {
			isa = XCBuildConfiguration;
			buildSettings = {
				ALWAYS_SEARCH_USER_PATHS = NO;
				ASSETCATALOG_COMPILER_GENERATE_SWIFT_ASSET_SYMBOL_EXTENSIONS = YES;
				CLANG_ANALYZER_NONNULL = YES;
				CLANG_ANALYZER_NUMBER_OBJECT_CONVERSION = YES_AGGRESSIVE;
				CLANG_CXX_LANGUAGE_STANDARD = "gnu++20";
				CLANG_ENABLE_MODULES = YES;
				CLANG_ENABLE_OBJC_ARC = YES;
				CLANG_ENABLE_OBJC_WEAK = YES;
				CLANG_WARN_BLOCK_CAPTURE_AUTORELEASING = YES;
				CLANG_WARN_BOOL_CONVERSION = YES;
				CLANG_WARN_COMMA = YES;
				CLANG_WARN_CONSTANT_CONVERSION = YES;
				CLANG_WARN_DEPRECATED_OBJC_IMPLEMENTATIONS = YES;
				CLANG_WARN_DIRECT_OBJC_ISA_USAGE = YES_ERROR;
				CLANG_WARN_DOCUMENTATION_COMMENTS = YES;
				CLANG_WARN_EMPTY_BODY = YES;
				CLANG_WARN_ENUM_CONVERSION = YES;
				CLANG_WARN_INFINITE_RECURSION = YES;
				CLANG_WARN_INT_CONVERSION = YES;
				CLANG_WARN_NON_LITERAL_NULL_CONVERSION = YES;
				CLANG_WARN_OBJC_IMPLICIT_RETAIN_SELF = YES;
				CLANG_WARN_OBJC_LITERAL_CONVERSION = YES;
				CLANG_WARN_OBJC_ROOT_CLASS = YES_ERROR;
				CLANG_WARN_QUOTED_INCLUDE_IN_FRAMEWORK_HEADER = YES;
				CLANG_WARN_RANGE_LOOP_ANALYSIS = YES;
				CLANG_WARN_STRICT_PROTOTYPES = YES;
				CLANG_WARN_SUSPICIOUS_MOVE = YES;
				CLANG_WARN_UNGUARDED_AVAILABILITY = YES_AGGRESSIVE;
				CLANG_WARN_UNREACHABLE_CODE = YES;
				CLANG_WARN__DUPLICATE_METHOD_MATCH = YES;
				COPY_PHASE_STRIP = NO;
				DEBUG_INFORMATION_FORMAT = dwarf;
				ENABLE_STRICT_OBJC_MSGSEND = YES;
				ENABLE_TESTABILITY = YES;
				ENABLE_USER_SCRIPT_SANDBOXING = YES;
				GCC_C_LANGUAGE_STANDARD = gnu17;
				GCC_DYNAMIC_NO_PIC = NO;
				GCC_NO_COMMON_BLOCKS = YES;
				GCC_OPTIMIZATION_LEVEL = 0;
				GCC_PREPROCESSOR_DEFINITIONS = (
					"DEBUG=1",
					"$(inherited)",
				);
				GCC_WARN_64_TO_32_BIT_CONVERSION = YES;
				GCC_WARN_ABOUT_RETURN_TYPE = YES_ERROR;
				GCC_WARN_UNDECLARED_SELECTOR = YES;
				GCC_WARN_UNINITIALIZED_AUTOS = YES_AGGRESSIVE;
				GCC_WARN_UNUSED_FUNCTION = YES;
				GCC_WARN_UNUSED_VARIABLE = YES;
				IPHONEOS_DEPLOYMENT_TARGET = 17.2;
				LOCALIZATION_PREFERS_STRING_CATALOGS = YES;
				MTL_ENABLE_DEBUG_INFO = INCLUDE_SOURCE;
				MTL_FAST_MATH = YES;
				ONLY_ACTIVE_ARCH = YES;
				SDKROOT = iphoneos;
				SWIFT_ACTIVE_COMPILATION_CONDITIONS = "DEBUG $(inherited)";
				SWIFT_OPTIMIZATION_LEVEL = "-Onone";
			};
			name = Debug;
		};
		5AA09E382BD3F361006BC8E5 /* Release */ = {
			isa = XCBuildConfiguration;
			buildSettings = {
				ALWAYS_SEARCH_USER_PATHS = NO;
				ASSETCATALOG_COMPILER_GENERATE_SWIFT_ASSET_SYMBOL_EXTENSIONS = YES;
				CLANG_ANALYZER_NONNULL = YES;
				CLANG_ANALYZER_NUMBER_OBJECT_CONVERSION = YES_AGGRESSIVE;
				CLANG_CXX_LANGUAGE_STANDARD = "gnu++20";
				CLANG_ENABLE_MODULES = YES;
				CLANG_ENABLE_OBJC_ARC = YES;
				CLANG_ENABLE_OBJC_WEAK = YES;
				CLANG_WARN_BLOCK_CAPTURE_AUTORELEASING = YES;
				CLANG_WARN_BOOL_CONVERSION = YES;
				CLANG_WARN_COMMA = YES;
				CLANG_WARN_CONSTANT_CONVERSION = YES;
				CLANG_WARN_DEPRECATED_OBJC_IMPLEMENTATIONS = YES;
				CLANG_WARN_DIRECT_OBJC_ISA_USAGE = YES_ERROR;
				CLANG_WARN_DOCUMENTATION_COMMENTS = YES;
				CLANG_WARN_EMPTY_BODY = YES;
				CLANG_WARN_ENUM_CONVERSION = YES;
				CLANG_WARN_INFINITE_RECURSION = YES;
				CLANG_WARN_INT_CONVERSION = YES;
				CLANG_WARN_NON_LITERAL_NULL_CONVERSION = YES;
				CLANG_WARN_OBJC_IMPLICIT_RETAIN_SELF = YES;
				CLANG_WARN_OBJC_LITERAL_CONVERSION = YES;
				CLANG_WARN_OBJC_ROOT_CLASS = YES_ERROR;
				CLANG_WARN_QUOTED_INCLUDE_IN_FRAMEWORK_HEADER = YES;
				CLANG_WARN_RANGE_LOOP_ANALYSIS = YES;
				CLANG_WARN_STRICT_PROTOTYPES = YES;
				CLANG_WARN_SUSPICIOUS_MOVE = YES;
				CLANG_WARN_UNGUARDED_AVAILABILITY = YES_AGGRESSIVE;
				CLANG_WARN_UNREACHABLE_CODE = YES;
				CLANG_WARN__DUPLICATE_METHOD_MATCH = YES;
				COPY_PHASE_STRIP = NO;
				DEBUG_INFORMATION_FORMAT = "dwarf-with-dsym";
				ENABLE_NS_ASSERTIONS = NO;
				ENABLE_STRICT_OBJC_MSGSEND = YES;
				ENABLE_USER_SCRIPT_SANDBOXING = YES;
				GCC_C_LANGUAGE_STANDARD = gnu17;
				GCC_NO_COMMON_BLOCKS = YES;
				GCC_WARN_64_TO_32_BIT_CONVERSION = YES;
				GCC_WARN_ABOUT_RETURN_TYPE = YES_ERROR;
				GCC_WARN_UNDECLARED_SELECTOR = YES;
				GCC_WARN_UNINITIALIZED_AUTOS = YES_AGGRESSIVE;
				GCC_WARN_UNUSED_FUNCTION = YES;
				GCC_WARN_UNUSED_VARIABLE = YES;
				IPHONEOS_DEPLOYMENT_TARGET = 17.2;
				LOCALIZATION_PREFERS_STRING_CATALOGS = YES;
				MTL_ENABLE_DEBUG_INFO = NO;
				MTL_FAST_MATH = YES;
				SDKROOT = iphoneos;
				SWIFT_COMPILATION_MODE = wholemodule;
				VALIDATE_PRODUCT = YES;
			};
			name = Release;
		};
		5AA09E3A2BD3F361006BC8E5 /* Debug */ = {
			isa = XCBuildConfiguration;
			buildSettings = {
				ALWAYS_EMBED_SWIFT_STANDARD_LIBRARIES = YES;
				ASSETCATALOG_COMPILER_APPICON_NAME = AppIcon;
				ASSETCATALOG_COMPILER_GLOBAL_ACCENT_COLOR_NAME = AccentColor;
				CODE_SIGN_STYLE = Automatic;
				CURRENT_PROJECT_VERSION = 1;
				DEVELOPMENT_ASSET_PATHS = "\"PasscodeUIDemo/Preview Content\"";
				DEVELOPMENT_TEAM = 6RH4D4FPN2;
				ENABLE_PREVIEWS = YES;
				GENERATE_INFOPLIST_FILE = YES;
				INFOPLIST_FILE = PasscodeUIDemo/Info.plist;
				INFOPLIST_KEY_NSFaceIDUsageDescription = "Unlock app";
				INFOPLIST_KEY_UIApplicationSceneManifest_Generation = YES;
				INFOPLIST_KEY_UIApplicationSupportsIndirectInputEvents = YES;
				INFOPLIST_KEY_UILaunchScreen_Generation = YES;
				INFOPLIST_KEY_UISupportedInterfaceOrientations_iPad = "UIInterfaceOrientationPortrait UIInterfaceOrientationPortraitUpsideDown UIInterfaceOrientationLandscapeLeft UIInterfaceOrientationLandscapeRight";
				INFOPLIST_KEY_UISupportedInterfaceOrientations_iPhone = "UIInterfaceOrientationPortrait UIInterfaceOrientationLandscapeLeft UIInterfaceOrientationLandscapeRight";
				IPHONEOS_DEPLOYMENT_TARGET = 15.0;
				LD_RUNPATH_SEARCH_PATHS = (
					"$(inherited)",
					"@executable_path/Frameworks",
				);
				MARKETING_VERSION = 1.0;
				PRODUCT_BUNDLE_IDENTIFIER = jp.co.hachiware.PasscodeUIDemo;
				PRODUCT_NAME = "$(TARGET_NAME)";
				SWIFT_EMIT_LOC_STRINGS = YES;
				SWIFT_VERSION = 5.0;
				TARGETED_DEVICE_FAMILY = "1,2";
			};
			name = Debug;
		};
		5AA09E3B2BD3F361006BC8E5 /* Release */ = {
			isa = XCBuildConfiguration;
			buildSettings = {
				ALWAYS_EMBED_SWIFT_STANDARD_LIBRARIES = YES;
				ASSETCATALOG_COMPILER_APPICON_NAME = AppIcon;
				ASSETCATALOG_COMPILER_GLOBAL_ACCENT_COLOR_NAME = AccentColor;
				CODE_SIGN_STYLE = Automatic;
				CURRENT_PROJECT_VERSION = 1;
				DEVELOPMENT_ASSET_PATHS = "\"PasscodeUIDemo/Preview Content\"";
				DEVELOPMENT_TEAM = 6RH4D4FPN2;
				ENABLE_PREVIEWS = YES;
				GENERATE_INFOPLIST_FILE = YES;
				INFOPLIST_FILE = PasscodeUIDemo/Info.plist;
				INFOPLIST_KEY_NSFaceIDUsageDescription = "Unlock app";
				INFOPLIST_KEY_UIApplicationSceneManifest_Generation = YES;
				INFOPLIST_KEY_UIApplicationSupportsIndirectInputEvents = YES;
				INFOPLIST_KEY_UILaunchScreen_Generation = YES;
				INFOPLIST_KEY_UISupportedInterfaceOrientations_iPad = "UIInterfaceOrientationPortrait UIInterfaceOrientationPortraitUpsideDown UIInterfaceOrientationLandscapeLeft UIInterfaceOrientationLandscapeRight";
				INFOPLIST_KEY_UISupportedInterfaceOrientations_iPhone = "UIInterfaceOrientationPortrait UIInterfaceOrientationLandscapeLeft UIInterfaceOrientationLandscapeRight";
				IPHONEOS_DEPLOYMENT_TARGET = 15.0;
				LD_RUNPATH_SEARCH_PATHS = (
					"$(inherited)",
					"@executable_path/Frameworks",
				);
				MARKETING_VERSION = 1.0;
				PRODUCT_BUNDLE_IDENTIFIER = jp.co.hachiware.PasscodeUIDemo;
				PRODUCT_NAME = "$(TARGET_NAME)";
				SWIFT_EMIT_LOC_STRINGS = YES;
				SWIFT_VERSION = 5.0;
				TARGETED_DEVICE_FAMILY = "1,2";
			};
			name = Release;
		};
		5AA09E3D2BD3F361006BC8E5 /* Debug */ = {
			isa = XCBuildConfiguration;
			buildSettings = {
				ALWAYS_EMBED_SWIFT_STANDARD_LIBRARIES = YES;
				BUNDLE_LOADER = "$(TEST_HOST)";
				CODE_SIGN_STYLE = Automatic;
				CURRENT_PROJECT_VERSION = 1;
				DEVELOPMENT_TEAM = 6RH4D4FPN2;
				GENERATE_INFOPLIST_FILE = YES;
				IPHONEOS_DEPLOYMENT_TARGET = 15.0;
				MARKETING_VERSION = 1.0;
				PRODUCT_BUNDLE_IDENTIFIER = jp.co.hachiware.PasscodeUITests;
				PRODUCT_NAME = "$(TARGET_NAME)";
				SWIFT_EMIT_LOC_STRINGS = NO;
				SWIFT_VERSION = 5.0;
				TARGETED_DEVICE_FAMILY = "1,2";
				TEST_HOST = "$(BUILT_PRODUCTS_DIR)/PasscodeUI.app/$(BUNDLE_EXECUTABLE_FOLDER_PATH)/PasscodeUI";
			};
			name = Debug;
		};
		5AA09E3E2BD3F361006BC8E5 /* Release */ = {
			isa = XCBuildConfiguration;
			buildSettings = {
				ALWAYS_EMBED_SWIFT_STANDARD_LIBRARIES = YES;
				BUNDLE_LOADER = "$(TEST_HOST)";
				CODE_SIGN_STYLE = Automatic;
				CURRENT_PROJECT_VERSION = 1;
				DEVELOPMENT_TEAM = 6RH4D4FPN2;
				GENERATE_INFOPLIST_FILE = YES;
				IPHONEOS_DEPLOYMENT_TARGET = 15.0;
				MARKETING_VERSION = 1.0;
				PRODUCT_BUNDLE_IDENTIFIER = jp.co.hachiware.PasscodeUITests;
				PRODUCT_NAME = "$(TARGET_NAME)";
				SWIFT_EMIT_LOC_STRINGS = NO;
				SWIFT_VERSION = 5.0;
				TARGETED_DEVICE_FAMILY = "1,2";
				TEST_HOST = "$(BUILT_PRODUCTS_DIR)/PasscodeUI.app/$(BUNDLE_EXECUTABLE_FOLDER_PATH)/PasscodeUI";
			};
			name = Release;
		};
		5AA09E552BD3F439006BC8E5 /* Debug */ = {
			isa = XCBuildConfiguration;
			buildSettings = {
				CLANG_ENABLE_MODULES = YES;
				CODE_SIGN_STYLE = Automatic;
				CURRENT_PROJECT_VERSION = 1;
				DEFINES_MODULE = YES;
				DEVELOPMENT_TEAM = 6RH4D4FPN2;
				DYLIB_COMPATIBILITY_VERSION = 1;
				DYLIB_CURRENT_VERSION = 1;
				DYLIB_INSTALL_NAME_BASE = "@rpath";
				ENABLE_MODULE_VERIFIER = YES;
				GENERATE_INFOPLIST_FILE = YES;
				INFOPLIST_KEY_NSHumanReadableCopyright = "";
				INSTALL_PATH = "$(LOCAL_LIBRARY_DIR)/Frameworks";
				IPHONEOS_DEPLOYMENT_TARGET = 15.0;
				LD_RUNPATH_SEARCH_PATHS = (
					"$(inherited)",
					"@executable_path/Frameworks",
					"@loader_path/Frameworks",
				);
				MARKETING_VERSION = 1.0;
				MODULE_VERIFIER_SUPPORTED_LANGUAGES = "objective-c objective-c++";
				MODULE_VERIFIER_SUPPORTED_LANGUAGE_STANDARDS = "gnu17 gnu++20";
				PRODUCT_BUNDLE_IDENTIFIER = jp.co.hachiware.PasscodeUI;
				PRODUCT_NAME = "$(TARGET_NAME:c99extidentifier)";
				SKIP_INSTALL = YES;
				SWIFT_EMIT_LOC_STRINGS = YES;
				SWIFT_OPTIMIZATION_LEVEL = "-Onone";
				SWIFT_VERSION = 5.0;
				TARGETED_DEVICE_FAMILY = "1,2";
				TVOS_DEPLOYMENT_TARGET = 15.0;
				VERSIONING_SYSTEM = "apple-generic";
				VERSION_INFO_PREFIX = "";
			};
			name = Debug;
		};
		5AA09E562BD3F439006BC8E5 /* Release */ = {
			isa = XCBuildConfiguration;
			buildSettings = {
				CLANG_ENABLE_MODULES = YES;
				CODE_SIGN_STYLE = Automatic;
				CURRENT_PROJECT_VERSION = 1;
				DEFINES_MODULE = YES;
				DEVELOPMENT_TEAM = 6RH4D4FPN2;
				DYLIB_COMPATIBILITY_VERSION = 1;
				DYLIB_CURRENT_VERSION = 1;
				DYLIB_INSTALL_NAME_BASE = "@rpath";
				ENABLE_MODULE_VERIFIER = YES;
				GENERATE_INFOPLIST_FILE = YES;
				INFOPLIST_KEY_NSHumanReadableCopyright = "";
				INSTALL_PATH = "$(LOCAL_LIBRARY_DIR)/Frameworks";
				IPHONEOS_DEPLOYMENT_TARGET = 15.0;
				LD_RUNPATH_SEARCH_PATHS = (
					"$(inherited)",
					"@executable_path/Frameworks",
					"@loader_path/Frameworks",
				);
				MARKETING_VERSION = 1.0;
				MODULE_VERIFIER_SUPPORTED_LANGUAGES = "objective-c objective-c++";
				MODULE_VERIFIER_SUPPORTED_LANGUAGE_STANDARDS = "gnu17 gnu++20";
				PRODUCT_BUNDLE_IDENTIFIER = jp.co.hachiware.PasscodeUI;
				PRODUCT_NAME = "$(TARGET_NAME:c99extidentifier)";
				SKIP_INSTALL = YES;
				SWIFT_EMIT_LOC_STRINGS = YES;
				SWIFT_VERSION = 5.0;
				TARGETED_DEVICE_FAMILY = "1,2";
				TVOS_DEPLOYMENT_TARGET = 15.0;
				VERSIONING_SYSTEM = "apple-generic";
				VERSION_INFO_PREFIX = "";
			};
			name = Release;
		};
/* End XCBuildConfiguration section */

/* Begin XCConfigurationList section */
		5AA09E102BD3F35F006BC8E5 /* Build configuration list for PBXProject "PasscodeUI" */ = {
			isa = XCConfigurationList;
			buildConfigurations = (
				5AA09E372BD3F361006BC8E5 /* Debug */,
				5AA09E382BD3F361006BC8E5 /* Release */,
			);
			defaultConfigurationIsVisible = 0;
			defaultConfigurationName = Release;
		};
		5AA09E392BD3F361006BC8E5 /* Build configuration list for PBXNativeTarget "PasscodeUIDemo" */ = {
			isa = XCConfigurationList;
			buildConfigurations = (
				5AA09E3A2BD3F361006BC8E5 /* Debug */,
				5AA09E3B2BD3F361006BC8E5 /* Release */,
			);
			defaultConfigurationIsVisible = 0;
			defaultConfigurationName = Release;
		};
		5AA09E3C2BD3F361006BC8E5 /* Build configuration list for PBXNativeTarget "PasscodeUITests" */ = {
			isa = XCConfigurationList;
			buildConfigurations = (
				5AA09E3D2BD3F361006BC8E5 /* Debug */,
				5AA09E3E2BD3F361006BC8E5 /* Release */,
			);
			defaultConfigurationIsVisible = 0;
			defaultConfigurationName = Release;
		};
		5AA09E542BD3F439006BC8E5 /* Build configuration list for PBXNativeTarget "PasscodeUI" */ = {
			isa = XCConfigurationList;
			buildConfigurations = (
				5AA09E552BD3F439006BC8E5 /* Debug */,
				5AA09E562BD3F439006BC8E5 /* Release */,
			);
			defaultConfigurationIsVisible = 0;
			defaultConfigurationName = Release;
		};
/* End XCConfigurationList section */
	};
	rootObject = 5AA09E0D2BD3F35F006BC8E5 /* Project object */;
}
